---
lockfile_version: 1
depends:
- name: mac
  resolved_source:
    compliance: delivery/cis-appleosx10.11-level1
    url: https://aut-automate-server/api/v0/compliance/profiles/tar
    sha256: 16b26b828b1fc5008db8427e2731796d6f8f0f0dabdfe6c8d951862780c62996
  version_constraints: []
- name: ubuntu
  resolved_source:
    compliance: delivery/cis-ubuntu16.04lts-level1-server
    url: https://aut-automate-server/api/v0/compliance/profiles/tar
    sha256: e9e665cc2c132ee2fb38c17cf8650f52b93d4a729ee47eec755faee3a280fe4e
  version_constraints: []
